
Microsoft Visual Studio Solution File, Format Version 12.00
# Visual Studio Version 16
VisualStudioVersion = 16.0.33927.289
MinimumVisualStudioVersion = 10.0.40219.1
Project("{FAE04EC0-301F-11D3-BF4B-00C04F79EFBC}") = "Assignment2Q1", "Assignment2Q1\Assignment2Q1.csproj", "{44027D28-0D25-414E-AA81-6D5DCC70C0A0}"
EndProject
Global
	GlobalSection(SolutionConfigurationPlatforms) = preSolution
		Debug|Any CPU = Debug|Any CPU
		Release|Any CPU = Release|Any CPU
	EndGlobalSection
	GlobalSection(ProjectConfigurationPlatforms) = postSolution
		{44027D28-0D25-414E-AA81-6D5DCC70C0A0}.Debug|Any CPU.ActiveCfg = Debug|Any CPU
		{44027D28-0D25-414E-AA81-6D5DCC70C0A0}.Debug|Any CPU.Build.0 = Debug|Any CPU
		{44027D28-0D25-414E-AA81-6D5DCC70C0A0}.Release|Any CPU.ActiveCfg = Release|Any CPU
		{44027D28-0D25-414E-AA81-6D5DCC70C0A0}.Release|Any CPU.Build.0 = Release|Any CPU
	EndGlobalSection
	GlobalSection(SolutionProperties) = preSolution
		HideSolutionNode = FALSE
	EndGlobalSection
	GlobalSection(ExtensibilityGlobals) = postSolution
		SolutionGuid = {83E6AF1B-C0B2-4BAB-903B-7BBFD3AD2EFA}
	EndGlobalSection
EndGlobal
