
Microsoft Visual Studio Solution File, Format Version 12.00
# Visual Studio Version 16
VisualStudioVersion = 16.0.34031.81
MinimumVisualStudioVersion = 10.0.40219.1
Project("{FAE04EC0-301F-11D3-BF4B-00C04F79EFBC}") = "Assignment5Q1", "Assignment5Q1\Assignment5Q1.csproj", "{C55F781D-2A58-4395-9A9E-07EA365529CE}"
EndProject
Global
	GlobalSection(SolutionConfigurationPlatforms) = preSolution
		Debug|Any CPU = Debug|Any CPU
		Release|Any CPU = Release|Any CPU
	EndGlobalSection
	GlobalSection(ProjectConfigurationPlatforms) = postSolution
		{C55F781D-2A58-4395-9A9E-07EA365529CE}.Debug|Any CPU.ActiveCfg = Debug|Any CPU
		{C55F781D-2A58-4395-9A9E-07EA365529CE}.Debug|Any CPU.Build.0 = Debug|Any CPU
		{C55F781D-2A58-4395-9A9E-07EA365529CE}.Release|Any CPU.ActiveCfg = Release|Any CPU
		{C55F781D-2A58-4395-9A9E-07EA365529CE}.Release|Any CPU.Build.0 = Release|Any CPU
	EndGlobalSection
	GlobalSection(SolutionProperties) = preSolution
		HideSolutionNode = FALSE
	EndGlobalSection
	GlobalSection(ExtensibilityGlobals) = postSolution
		SolutionGuid = {37251F1E-347D-43E5-AC32-9206C3F7F55E}
	EndGlobalSection
EndGlobal
