
Microsoft Visual Studio Solution File, Format Version 12.00
# Visual Studio Version 16
VisualStudioVersion = 16.0.34031.81
MinimumVisualStudioVersion = 10.0.40219.1
Project("{FAE04EC0-301F-11D3-BF4B-00C04F79EFBC}") = "CsharpCodebasedTest2Q1", "CsharpCodebasedTest2Q1\CsharpCodebasedTest2Q1.csproj", "{045E10A5-463B-4F40-9547-3F6EDC94EE84}"
EndProject
Global
	GlobalSection(SolutionConfigurationPlatforms) = preSolution
		Debug|Any CPU = Debug|Any CPU
		Release|Any CPU = Release|Any CPU
	EndGlobalSection
	GlobalSection(ProjectConfigurationPlatforms) = postSolution
		{045E10A5-463B-4F40-9547-3F6EDC94EE84}.Debug|Any CPU.ActiveCfg = Debug|Any CPU
		{045E10A5-463B-4F40-9547-3F6EDC94EE84}.Debug|Any CPU.Build.0 = Debug|Any CPU
		{045E10A5-463B-4F40-9547-3F6EDC94EE84}.Release|Any CPU.ActiveCfg = Release|Any CPU
		{045E10A5-463B-4F40-9547-3F6EDC94EE84}.Release|Any CPU.Build.0 = Release|Any CPU
	EndGlobalSection
	GlobalSection(SolutionProperties) = preSolution
		HideSolutionNode = FALSE
	EndGlobalSection
	GlobalSection(ExtensibilityGlobals) = postSolution
		SolutionGuid = {95CC86C8-A884-485B-BC54-B7874C015870}
	EndGlobalSection
EndGlobal
