
Microsoft Visual Studio Solution File, Format Version 12.00
# Visual Studio Version 16
VisualStudioVersion = 16.0.34031.81
MinimumVisualStudioVersion = 10.0.40219.1
Project("{FAE04EC0-301F-11D3-BF4B-00C04F79EFBC}") = "Casestudyplan1", "Casestudyplan1\Casestudyplan1.csproj", "{CA79AD3C-0C7C-425B-A3C5-5290A38502DF}"
EndProject
Global
	GlobalSection(SolutionConfigurationPlatforms) = preSolution
		Debug|Any CPU = Debug|Any CPU
		Release|Any CPU = Release|Any CPU
	EndGlobalSection
	GlobalSection(ProjectConfigurationPlatforms) = postSolution
		{CA79AD3C-0C7C-425B-A3C5-5290A38502DF}.Debug|Any CPU.ActiveCfg = Debug|Any CPU
		{CA79AD3C-0C7C-425B-A3C5-5290A38502DF}.Debug|Any CPU.Build.0 = Debug|Any CPU
		{CA79AD3C-0C7C-425B-A3C5-5290A38502DF}.Release|Any CPU.ActiveCfg = Release|Any CPU
		{CA79AD3C-0C7C-425B-A3C5-5290A38502DF}.Release|Any CPU.Build.0 = Release|Any CPU
	EndGlobalSection
	GlobalSection(SolutionProperties) = preSolution
		HideSolutionNode = FALSE
	EndGlobalSection
	GlobalSection(ExtensibilityGlobals) = postSolution
		SolutionGuid = {C8C05A03-50A4-4993-90C1-58716A79FB30}
	EndGlobalSection
EndGlobal
