
Microsoft Visual Studio Solution File, Format Version 12.00
# Visual Studio Version 16
VisualStudioVersion = 16.0.34031.81
MinimumVisualStudioVersion = 10.0.40219.1
Project("{FAE04EC0-301F-11D3-BF4B-00C04F79EFBC}") = "CSharpCodebasedTest4Q3", "CSharpCodebasedTest4Q3\CSharpCodebasedTest4Q3.csproj", "{8752D4C7-C2A2-4B9C-81E7-06579EAA43B4}"
EndProject
Global
	GlobalSection(SolutionConfigurationPlatforms) = preSolution
		Debug|Any CPU = Debug|Any CPU
		Release|Any CPU = Release|Any CPU
	EndGlobalSection
	GlobalSection(ProjectConfigurationPlatforms) = postSolution
		{8752D4C7-C2A2-4B9C-81E7-06579EAA43B4}.Debug|Any CPU.ActiveCfg = Debug|Any CPU
		{8752D4C7-C2A2-4B9C-81E7-06579EAA43B4}.Debug|Any CPU.Build.0 = Debug|Any CPU
		{8752D4C7-C2A2-4B9C-81E7-06579EAA43B4}.Release|Any CPU.ActiveCfg = Release|Any CPU
		{8752D4C7-C2A2-4B9C-81E7-06579EAA43B4}.Release|Any CPU.Build.0 = Release|Any CPU
	EndGlobalSection
	GlobalSection(SolutionProperties) = preSolution
		HideSolutionNode = FALSE
	EndGlobalSection
	GlobalSection(ExtensibilityGlobals) = postSolution
		SolutionGuid = {17713215-20F5-4565-9B57-9EFBBAC753DC}
	EndGlobalSection
EndGlobal
