
Microsoft Visual Studio Solution File, Format Version 12.00
# Visual Studio Version 16
VisualStudioVersion = 16.0.33927.289
MinimumVisualStudioVersion = 10.0.40219.1
Project("{FAE04EC0-301F-11D3-BF4B-00C04F79EFBC}") = "CsharpCodebasedTest1", "CsharpCodebasedTest1\CsharpCodebasedTest1.csproj", "{070E7001-7D95-4E7C-8E7F-2ED6C2235415}"
EndProject
Global
	GlobalSection(SolutionConfigurationPlatforms) = preSolution
		Debug|Any CPU = Debug|Any CPU
		Release|Any CPU = Release|Any CPU
	EndGlobalSection
	GlobalSection(ProjectConfigurationPlatforms) = postSolution
		{070E7001-7D95-4E7C-8E7F-2ED6C2235415}.Debug|Any CPU.ActiveCfg = Debug|Any CPU
		{070E7001-7D95-4E7C-8E7F-2ED6C2235415}.Debug|Any CPU.Build.0 = Debug|Any CPU
		{070E7001-7D95-4E7C-8E7F-2ED6C2235415}.Release|Any CPU.ActiveCfg = Release|Any CPU
		{070E7001-7D95-4E7C-8E7F-2ED6C2235415}.Release|Any CPU.Build.0 = Release|Any CPU
	EndGlobalSection
	GlobalSection(SolutionProperties) = preSolution
		HideSolutionNode = FALSE
	EndGlobalSection
	GlobalSection(ExtensibilityGlobals) = postSolution
		SolutionGuid = {73CCFFF1-5598-4602-9D21-86C9744A4A6C}
	EndGlobalSection
EndGlobal
