
Microsoft Visual Studio Solution File, Format Version 12.00
# Visual Studio Version 16
VisualStudioVersion = 16.0.33927.289
MinimumVisualStudioVersion = 10.0.40219.1
Project("{FAE04EC0-301F-11D3-BF4B-00C04F79EFBC}") = "Assignment1Q2", "Assignment1Q2\Assignment1Q2.csproj", "{2FCDD219-8EF1-4B99-BA06-225FDCDFD302}"
EndProject
Global
	GlobalSection(SolutionConfigurationPlatforms) = preSolution
		Debug|Any CPU = Debug|Any CPU
		Release|Any CPU = Release|Any CPU
	EndGlobalSection
	GlobalSection(ProjectConfigurationPlatforms) = postSolution
		{2FCDD219-8EF1-4B99-BA06-225FDCDFD302}.Debug|Any CPU.ActiveCfg = Debug|Any CPU
		{2FCDD219-8EF1-4B99-BA06-225FDCDFD302}.Debug|Any CPU.Build.0 = Debug|Any CPU
		{2FCDD219-8EF1-4B99-BA06-225FDCDFD302}.Release|Any CPU.ActiveCfg = Release|Any CPU
		{2FCDD219-8EF1-4B99-BA06-225FDCDFD302}.Release|Any CPU.Build.0 = Release|Any CPU
	EndGlobalSection
	GlobalSection(SolutionProperties) = preSolution
		HideSolutionNode = FALSE
	EndGlobalSection
	GlobalSection(ExtensibilityGlobals) = postSolution
		SolutionGuid = {D8BC2385-4488-441F-B321-61A1F6A200A8}
	EndGlobalSection
EndGlobal
