
Microsoft Visual Studio Solution File, Format Version 12.00
# Visual Studio Version 16
VisualStudioVersion = 16.0.34031.81
MinimumVisualStudioVersion = 10.0.40219.1
Project("{FAE04EC0-301F-11D3-BF4B-00C04F79EFBC}") = "Concession", "Concession\Concession.csproj", "{885EFF05-D68A-4944-AEB1-9D4BB67C4ACF}"
EndProject
Project("{FAE04EC0-301F-11D3-BF4B-00C04F79EFBC}") = "ConcessionApplication", "ConcessionApplication\ConcessionApplication.csproj", "{2E200761-A6DF-4A21-8FA7-BA29E84E6F31}"
EndProject
Global
	GlobalSection(SolutionConfigurationPlatforms) = preSolution
		Debug|Any CPU = Debug|Any CPU
		Release|Any CPU = Release|Any CPU
	EndGlobalSection
	GlobalSection(ProjectConfigurationPlatforms) = postSolution
		{885EFF05-D68A-4944-AEB1-9D4BB67C4ACF}.Debug|Any CPU.ActiveCfg = Debug|Any CPU
		{885EFF05-D68A-4944-AEB1-9D4BB67C4ACF}.Debug|Any CPU.Build.0 = Debug|Any CPU
		{885EFF05-D68A-4944-AEB1-9D4BB67C4ACF}.Release|Any CPU.ActiveCfg = Release|Any CPU
		{885EFF05-D68A-4944-AEB1-9D4BB67C4ACF}.Release|Any CPU.Build.0 = Release|Any CPU
		{2E200761-A6DF-4A21-8FA7-BA29E84E6F31}.Debug|Any CPU.ActiveCfg = Debug|Any CPU
		{2E200761-A6DF-4A21-8FA7-BA29E84E6F31}.Debug|Any CPU.Build.0 = Debug|Any CPU
		{2E200761-A6DF-4A21-8FA7-BA29E84E6F31}.Release|Any CPU.ActiveCfg = Release|Any CPU
		{2E200761-A6DF-4A21-8FA7-BA29E84E6F31}.Release|Any CPU.Build.0 = Release|Any CPU
	EndGlobalSection
	GlobalSection(SolutionProperties) = preSolution
		HideSolutionNode = FALSE
	EndGlobalSection
	GlobalSection(ExtensibilityGlobals) = postSolution
		SolutionGuid = {EEB7E689-1588-4C7A-99F0-52DB67C5724F}
	EndGlobalSection
EndGlobal
