
Microsoft Visual Studio Solution File, Format Version 12.00
# Visual Studio Version 16
VisualStudioVersion = 16.0.33927.289
MinimumVisualStudioVersion = 10.0.40219.1
Project("{FAE04EC0-301F-11D3-BF4B-00C04F79EFBC}") = "Assignment4Q2", "Assignment4Q2\Assignment4Q2.csproj", "{A517984C-8E85-4438-A4A7-DE44E1A95A02}"
EndProject
Global
	GlobalSection(SolutionConfigurationPlatforms) = preSolution
		Debug|Any CPU = Debug|Any CPU
		Release|Any CPU = Release|Any CPU
	EndGlobalSection
	GlobalSection(ProjectConfigurationPlatforms) = postSolution
		{A517984C-8E85-4438-A4A7-DE44E1A95A02}.Debug|Any CPU.ActiveCfg = Debug|Any CPU
		{A517984C-8E85-4438-A4A7-DE44E1A95A02}.Debug|Any CPU.Build.0 = Debug|Any CPU
		{A517984C-8E85-4438-A4A7-DE44E1A95A02}.Release|Any CPU.ActiveCfg = Release|Any CPU
		{A517984C-8E85-4438-A4A7-DE44E1A95A02}.Release|Any CPU.Build.0 = Release|Any CPU
	EndGlobalSection
	GlobalSection(SolutionProperties) = preSolution
		HideSolutionNode = FALSE
	EndGlobalSection
	GlobalSection(ExtensibilityGlobals) = postSolution
		SolutionGuid = {9617F2B4-98B4-4F08-BA4C-873BFA5F4828}
	EndGlobalSection
EndGlobal
