
Microsoft Visual Studio Solution File, Format Version 12.00
# Visual Studio Version 16
VisualStudioVersion = 16.0.34031.81
MinimumVisualStudioVersion = 10.0.40219.1
Project("{FAE04EC0-301F-11D3-BF4B-00C04F79EFBC}") = "Assigment8", "Assigment8\Assigment8.csproj", "{ED7ECF1C-6461-454E-BAEA-10E3882B447D}"
EndProject
Global
	GlobalSection(SolutionConfigurationPlatforms) = preSolution
		Debug|Any CPU = Debug|Any CPU
		Release|Any CPU = Release|Any CPU
	EndGlobalSection
	GlobalSection(ProjectConfigurationPlatforms) = postSolution
		{ED7ECF1C-6461-454E-BAEA-10E3882B447D}.Debug|Any CPU.ActiveCfg = Debug|Any CPU
		{ED7ECF1C-6461-454E-BAEA-10E3882B447D}.Debug|Any CPU.Build.0 = Debug|Any CPU
		{ED7ECF1C-6461-454E-BAEA-10E3882B447D}.Release|Any CPU.ActiveCfg = Release|Any CPU
		{ED7ECF1C-6461-454E-BAEA-10E3882B447D}.Release|Any CPU.Build.0 = Release|Any CPU
	EndGlobalSection
	GlobalSection(SolutionProperties) = preSolution
		HideSolutionNode = FALSE
	EndGlobalSection
	GlobalSection(ExtensibilityGlobals) = postSolution
		SolutionGuid = {983FA0DA-4243-450A-98A3-4DC7D1EC8E89}
	EndGlobalSection
EndGlobal
