
Microsoft Visual Studio Solution File, Format Version 12.00
# Visual Studio Version 16
VisualStudioVersion = 16.0.33927.289
MinimumVisualStudioVersion = 10.0.40219.1
Project("{FAE04EC0-301F-11D3-BF4B-00C04F79EFBC}") = "Assignment1Q1", "Assignment1Q1\Assignment1Q1.csproj", "{03870CFF-C168-42D3-BDB1-E39942585748}"
EndProject
Global
	GlobalSection(SolutionConfigurationPlatforms) = preSolution
		Debug|Any CPU = Debug|Any CPU
		Release|Any CPU = Release|Any CPU
	EndGlobalSection
	GlobalSection(ProjectConfigurationPlatforms) = postSolution
		{03870CFF-C168-42D3-BDB1-E39942585748}.Debug|Any CPU.ActiveCfg = Debug|Any CPU
		{03870CFF-C168-42D3-BDB1-E39942585748}.Debug|Any CPU.Build.0 = Debug|Any CPU
		{03870CFF-C168-42D3-BDB1-E39942585748}.Release|Any CPU.ActiveCfg = Release|Any CPU
		{03870CFF-C168-42D3-BDB1-E39942585748}.Release|Any CPU.Build.0 = Release|Any CPU
	EndGlobalSection
	GlobalSection(SolutionProperties) = preSolution
		HideSolutionNode = FALSE
	EndGlobalSection
	GlobalSection(ExtensibilityGlobals) = postSolution
		SolutionGuid = {1DEE9C99-F799-409B-A004-EAC206AC3FBC}
	EndGlobalSection
EndGlobal
