
Microsoft Visual Studio Solution File, Format Version 12.00
# Visual Studio Version 16
VisualStudioVersion = 16.0.34031.81
MinimumVisualStudioVersion = 10.0.40219.1
Project("{FAE04EC0-301F-11D3-BF4B-00C04F79EFBC}") = "Assignment5Q4", "Assignment5Q4\Assignment5Q4.csproj", "{51C70A83-2780-43A0-B746-93C08F6733D2}"
EndProject
Global
	GlobalSection(SolutionConfigurationPlatforms) = preSolution
		Debug|Any CPU = Debug|Any CPU
		Release|Any CPU = Release|Any CPU
	EndGlobalSection
	GlobalSection(ProjectConfigurationPlatforms) = postSolution
		{51C70A83-2780-43A0-B746-93C08F6733D2}.Debug|Any CPU.ActiveCfg = Debug|Any CPU
		{51C70A83-2780-43A0-B746-93C08F6733D2}.Debug|Any CPU.Build.0 = Debug|Any CPU
		{51C70A83-2780-43A0-B746-93C08F6733D2}.Release|Any CPU.ActiveCfg = Release|Any CPU
		{51C70A83-2780-43A0-B746-93C08F6733D2}.Release|Any CPU.Build.0 = Release|Any CPU
	EndGlobalSection
	GlobalSection(SolutionProperties) = preSolution
		HideSolutionNode = FALSE
	EndGlobalSection
	GlobalSection(ExtensibilityGlobals) = postSolution
		SolutionGuid = {1BD157A0-C4F3-446B-9D0F-5F1C6B9B1CF5}
	EndGlobalSection
EndGlobal
